
Microsoft Visual Studio Solution File, Format Version 12.00
Project("{2150E333-8FDC-42A3-9474-1A3956D46DE8}") = "src", "src", "{6558E580-329A-4EAB-9180-84154E21DE13}"
EndProject
Project("{FAE04EC0-301F-11D3-BF4B-00C04F79EFBC}") = "WebApi", "src\WebApi\WebApi.csproj", "{C24ACFFE-9E74-4FB0-A2D6-A77CAD4E3AAB}"
EndProject
Project("{FAE04EC0-301F-11D3-BF4B-00C04F79EFBC}") = "Domain", "src\Domain\Domain.csproj", "{CA03776B-5AEB-45CC-BD94-B59825870F92}"
EndProject
Project("{FAE04EC0-301F-11D3-BF4B-00C04F79EFBC}") = "Infrastructure", "src\Infrastructure\Infrastructure.csproj", "{D26D9893-2A16-43FE-9685-3393B0419D5F}"
EndProject
Project("{FAE04EC0-301F-11D3-BF4B-00C04F79EFBC}") = "Application", "src\Application\Application.csproj", "{78A66529-E6B5-4C14-90CC-6F59E4A4A49F}"
EndProject
Project("{2150E333-8FDC-42A3-9474-1A3956D46DE8}") = "tests", "tests", "{E93F8872-F0F2-4905-AE6C-5C6C733DD508}"
EndProject
Project("{FAE04EC0-301F-11D3-BF4B-00C04F79EFBC}") = "UnitTests", "tests\UnitTests\UnitTests.csproj", "{D3C84CF2-40AF-4045-96A0-F22119E92D84}"
EndProject
Project("{FAE04EC0-301F-11D3-BF4B-00C04F79EFBC}") = "IntegrationTests", "tests\IntegrationTests\IntegrationTests.csproj", "{52447533-49CB-43DF-8B3E-855A6B3C90B7}"
EndProject
Project("{FAE04EC0-301F-11D3-BF4B-00C04F79EFBC}") = "ArchitectureTests", "tests\ArchitectureTests\ArchitectureTests.csproj", "{785BE707-4105-4FE5-84DB-C3FD1A03F5BB}"
EndProject
Global
	GlobalSection(SolutionConfigurationPlatforms) = preSolution
		Debug|Any CPU = Debug|Any CPU
		Release|Any CPU = Release|Any CPU
	EndGlobalSection
	GlobalSection(NestedProjects) = preSolution
		{C24ACFFE-9E74-4FB0-A2D6-A77CAD4E3AAB} = {6558E580-329A-4EAB-9180-84154E21DE13}
		{CA03776B-5AEB-45CC-BD94-B59825870F92} = {6558E580-329A-4EAB-9180-84154E21DE13}
		{D26D9893-2A16-43FE-9685-3393B0419D5F} = {6558E580-329A-4EAB-9180-84154E21DE13}
		{78A66529-E6B5-4C14-90CC-6F59E4A4A49F} = {6558E580-329A-4EAB-9180-84154E21DE13}
		{D3C84CF2-40AF-4045-96A0-F22119E92D84} = {E93F8872-F0F2-4905-AE6C-5C6C733DD508}
		{52447533-49CB-43DF-8B3E-855A6B3C90B7} = {E93F8872-F0F2-4905-AE6C-5C6C733DD508}
		{785BE707-4105-4FE5-84DB-C3FD1A03F5BB} = {E93F8872-F0F2-4905-AE6C-5C6C733DD508}
	EndGlobalSection
	GlobalSection(ProjectConfigurationPlatforms) = postSolution
		{C24ACFFE-9E74-4FB0-A2D6-A77CAD4E3AAB}.Debug|Any CPU.ActiveCfg = Debug|Any CPU
		{C24ACFFE-9E74-4FB0-A2D6-A77CAD4E3AAB}.Debug|Any CPU.Build.0 = Debug|Any CPU
		{C24ACFFE-9E74-4FB0-A2D6-A77CAD4E3AAB}.Release|Any CPU.ActiveCfg = Release|Any CPU
		{C24ACFFE-9E74-4FB0-A2D6-A77CAD4E3AAB}.Release|Any CPU.Build.0 = Release|Any CPU
		{CA03776B-5AEB-45CC-BD94-B59825870F92}.Debug|Any CPU.ActiveCfg = Debug|Any CPU
		{CA03776B-5AEB-45CC-BD94-B59825870F92}.Debug|Any CPU.Build.0 = Debug|Any CPU
		{CA03776B-5AEB-45CC-BD94-B59825870F92}.Release|Any CPU.ActiveCfg = Release|Any CPU
		{CA03776B-5AEB-45CC-BD94-B59825870F92}.Release|Any CPU.Build.0 = Release|Any CPU
		{D26D9893-2A16-43FE-9685-3393B0419D5F}.Debug|Any CPU.ActiveCfg = Debug|Any CPU
		{D26D9893-2A16-43FE-9685-3393B0419D5F}.Debug|Any CPU.Build.0 = Debug|Any CPU
		{D26D9893-2A16-43FE-9685-3393B0419D5F}.Release|Any CPU.ActiveCfg = Release|Any CPU
		{D26D9893-2A16-43FE-9685-3393B0419D5F}.Release|Any CPU.Build.0 = Release|Any CPU
		{78A66529-E6B5-4C14-90CC-6F59E4A4A49F}.Debug|Any CPU.ActiveCfg = Debug|Any CPU
		{78A66529-E6B5-4C14-90CC-6F59E4A4A49F}.Debug|Any CPU.Build.0 = Debug|Any CPU
		{78A66529-E6B5-4C14-90CC-6F59E4A4A49F}.Release|Any CPU.ActiveCfg = Release|Any CPU
		{78A66529-E6B5-4C14-90CC-6F59E4A4A49F}.Release|Any CPU.Build.0 = Release|Any CPU
		{D3C84CF2-40AF-4045-96A0-F22119E92D84}.Debug|Any CPU.ActiveCfg = Debug|Any CPU
		{D3C84CF2-40AF-4045-96A0-F22119E92D84}.Debug|Any CPU.Build.0 = Debug|Any CPU
		{D3C84CF2-40AF-4045-96A0-F22119E92D84}.Release|Any CPU.ActiveCfg = Release|Any CPU
		{D3C84CF2-40AF-4045-96A0-F22119E92D84}.Release|Any CPU.Build.0 = Release|Any CPU
		{52447533-49CB-43DF-8B3E-855A6B3C90B7}.Debug|Any CPU.ActiveCfg = Debug|Any CPU
		{52447533-49CB-43DF-8B3E-855A6B3C90B7}.Debug|Any CPU.Build.0 = Debug|Any CPU
		{52447533-49CB-43DF-8B3E-855A6B3C90B7}.Release|Any CPU.ActiveCfg = Release|Any CPU
		{52447533-49CB-43DF-8B3E-855A6B3C90B7}.Release|Any CPU.Build.0 = Release|Any CPU
		{785BE707-4105-4FE5-84DB-C3FD1A03F5BB}.Debug|Any CPU.ActiveCfg = Debug|Any CPU
		{785BE707-4105-4FE5-84DB-C3FD1A03F5BB}.Debug|Any CPU.Build.0 = Debug|Any CPU
		{785BE707-4105-4FE5-84DB-C3FD1A03F5BB}.Release|Any CPU.ActiveCfg = Release|Any CPU
		{785BE707-4105-4FE5-84DB-C3FD1A03F5BB}.Release|Any CPU.Build.0 = Release|Any CPU
	EndGlobalSection
EndGlobal
